#MicroXplorer Configuration settings - do not modify
Mcu.Family=STM32F4
Dma.SPI1_TX.4.MemInc=DMA_MINC_ENABLE
ProjectManager.MainLocation=Core/Src
PA6.Mode=Full_Duplex_Master
PH0-OSC_IN.Signal=RCC_OSC_IN
RCC.CortexFreq_Value=168000000
Dma.SDIO_RX.1.PeriphDataAlignment=DMA_PDATAALIGN_WORD
ProjectManager.KeepUserCode=true
Mcu.UserName=STM32F405RGTx
SPI1.VirtualType=VM_MASTER
Dma.SPI1_RX.3.PeriphInc=DMA_PINC_DISABLE
VP_FATFS_VS_SDIO.Mode=SDIO
RCC.PLLCLKFreq_Value=168000000
PC10.Signal=SDIO_D2
PC12.Signal=SDIO_CK
RCC.PLLQCLKFreq_Value=48000000
Dma.SDIO_RX.1.Mode=DMA_PFCTRL
Dma.SDIO_RX.1.Direction=DMA_PERIPH_TO_MEMORY
Dma.SDIO_RX.1.RequestParameters=Instance,Direction,PeriphInc,MemInc,PeriphDataAlignment,MemDataAlignment,Mode,Priority,FIFOMode,FIFOThreshold,MemBurst,PeriphBurst
ProjectManager.functionlistsort=1-MX_GPIO_Init-GPIO-false-HAL-true,2-MX_DMA_Init-DMA-false-HAL-true,3-SystemClock_Config-RCC-false-HAL-false,4-MX_DAC_Init-DAC-false-HAL-true,5-MX_TIM6_Init-TIM6-false-HAL-true,6-MX_SDIO_SD_Init-SDIO-false-HAL-true,7-MX_SPI1_Init-SPI1-false-HAL-true,8-MX_FATFS_Init-FATFS-false-HAL-false
Dma.SPI1_RX.3.Instance=DMA2_Stream0
PC3.Locked=true
RCC.RTCFreq_Value=32000
Dma.SDIO_RX.1.Priority=DMA_PRIORITY_LOW
PB6.GPIO_Label=Button4
PC2.GPIO_Speed=GPIO_SPEED_FREQ_HIGH
PC1.Locked=true
Dma.SPI1_RX.3.Mode=DMA_NORMAL
PC15-OSC32_OUT.GPIO_Label=Button1
PinOutPanel.RotationAngle=0
PC3.GPIO_Speed=GPIO_SPEED_FREQ_HIGH
RCC.SYSCLKSource=RCC_SYSCLKSOURCE_PLLCLK
ProjectManager.StackSize=0x400
PC3.PinState=GPIO_PIN_SET
PB5.GPIOParameters=GPIO_PuPd,GPIO_Label
Dma.SPI1_RX.3.MemDataAlignment=DMA_MDATAALIGN_BYTE
Dma.SDIO_RX.1.Instance=DMA2_Stream3
Dma.SDIO_TX.2.Mode=DMA_PFCTRL
Mcu.IP4=RCC
RCC.FCLKCortexFreq_Value=168000000
Mcu.IP5=SDIO
Mcu.IP2=FATFS
NVIC.SVCall_IRQn=true\:0\:0\:false\:false\:true\:false\:false
Mcu.IP3=NVIC
PB4.GPIOParameters=GPIO_PuPd,GPIO_Label
Mcu.IP0=DAC
Mcu.IP1=DMA
Dma.SPI1_RX.3.Priority=DMA_PRIORITY_LOW
Dma.SDIO_TX.2.MemDataAlignment=DMA_MDATAALIGN_WORD
Mcu.UserConstants=
VP_FATFS_VS_SDIO.Signal=FATFS_VS_SDIO
PC1.GPIOParameters=GPIO_Speed,PinState,GPIO_Label
Mcu.ThirdPartyNb=0
SPI1.Direction=SPI_DIRECTION_2LINES
RCC.HCLKFreq_Value=168000000
Mcu.IPNb=10
Dma.DAC1.0.PeriphInc=DMA_PINC_DISABLE
RCC.I2SClocksFreq_Value=96000000
TIM2.IPParameters=Period,AutoReloadPreload
ProjectManager.PreviousToolchain=
RCC.APB2TimFreq_Value=168000000
Dma.SDIO_RX.1.FIFOMode=DMA_FIFOMODE_ENABLE
PB6.Signal=GPIO_Input
RCC.VcooutputI2S=96000000
SPI1.CalculateBaudRate=42.0 MBits/s
PC3.Signal=GPIO_Output
Mcu.Pin6=PA1
Mcu.Pin7=PA2
VP_TIM2_VS_ClockSourceINT.Signal=TIM2_VS_ClockSourceINT
NVIC.DMA2_Stream0_IRQn=true\:0\:0\:false\:false\:true\:false\:true
Mcu.Pin8=PA3
Mcu.Pin9=PA4
PC1.PinState=GPIO_PIN_SET
Dma.DAC1.0.Direction=DMA_MEMORY_TO_PERIPH
RCC.AHBFreq_Value=168000000
PH0-OSC_IN.Mode=HSE-External-Oscillator
Mcu.Pin0=PC15-OSC32_OUT
Mcu.Pin1=PH0-OSC_IN
GPIO.groupedBy=Group By Peripherals
Mcu.Pin2=PH1-OSC_OUT
Mcu.Pin3=PC1
Mcu.Pin4=PC2
Mcu.Pin5=PC3
ProjectManager.ProjectBuild=false
RCC.HSE_VALUE=8000000
NVIC.UsageFault_IRQn=true\:0\:0\:false\:false\:true\:false\:false
NVIC.DebugMonitor_IRQn=true\:0\:0\:false\:false\:true\:false\:false
NVIC.SysTick_IRQn=true\:0\:0\:false\:false\:true\:false\:true
ProjectManager.FirmwarePackage=STM32Cube FW_F4 V1.25.2
MxDb.Version=DB.6.0.0
Dma.SPI1_TX.4.FIFOMode=DMA_FIFOMODE_DISABLE
Dma.DAC1.0.Priority=DMA_PRIORITY_LOW
ProjectManager.BackupPrevious=false
DAC.DAC_Trigger=DAC_TRIGGER_T6_TRGO
RCC.VCOInputFreq_Value=1000000
Dma.DAC1.0.FIFOMode=DMA_FIFOMODE_DISABLE
PA14.Mode=Serial_Wire
Dma.SPI1_RX.3.Direction=DMA_PERIPH_TO_MEMORY
NVIC.TIM2_IRQn=true\:0\:0\:false\:false\:true\:true\:true
File.Version=6
PC9.Mode=SD_4_bits_Wide_bus
Dma.SDIO_TX.2.Direction=DMA_MEMORY_TO_PERIPH
PB7.Signal=GPIO_Input
PB8.Locked=true
Dma.SPI1_RX.3.RequestParameters=Instance,Direction,PeriphInc,MemInc,PeriphDataAlignment,MemDataAlignment,Mode,Priority,FIFOMode
Dma.SPI1_TX.4.MemDataAlignment=DMA_MDATAALIGN_BYTE
PB6.Locked=true
NVIC.PendSV_IRQn=true\:0\:0\:false\:false\:true\:false\:false
TIM6.Period=93
DAC.IPParameters=DAC_Trigger
Dma.RequestsNb=5
PB6.GPIOParameters=GPIO_PuPd,GPIO_Label
ProjectManager.HalAssertFull=false
ProjectManager.ProjectName=Project F405
PH1-OSC_OUT.Mode=HSE-External-Oscillator
PB7.GPIO_Label=Button5
RCC.MCO2PinFreq_Value=168000000
Mcu.Package=LQFP64
PA6.Signal=SPI1_MISO
Dma.DAC1.0.PeriphDataAlignment=DMA_PDATAALIGN_HALFWORD
SH.COMP_DAC1_group.ConfNb=1
Dma.SPI1_TX.4.Direction=DMA_MEMORY_TO_PERIPH
Dma.SDIO_TX.2.PeriphBurst=DMA_PBURST_INC4
Dma.DAC1.0.Mode=DMA_CIRCULAR
ProjectManager.ToolChainLocation=
RCC.LSI_VALUE=32000
VP_SYS_VS_Systick.Signal=SYS_VS_Systick
PC11.Mode=SD_4_bits_Wide_bus
Dma.SDIO_RX.1.PeriphBurst=DMA_PBURST_INC4
RCC.APB2CLKDivider=RCC_HCLK_DIV2
PB5.GPIO_Label=Button3
Dma.SDIO_TX.2.RequestParameters=Instance,Direction,PeriphInc,MemInc,PeriphDataAlignment,MemDataAlignment,Mode,Priority,FIFOMode,FIFOThreshold,MemBurst,PeriphBurst
Dma.Request2=SDIO_TX
Dma.Request1=SDIO_RX
RCC.APB1TimFreq_Value=84000000
Dma.Request4=SPI1_TX
Dma.Request3=SPI1_RX
NVIC.BusFault_IRQn=true\:0\:0\:false\:false\:true\:false\:false
PC15-OSC32_OUT.GPIOParameters=GPIO_PuPd,GPIO_Label
Dma.Request0=DAC1
Dma.SDIO_TX.2.FIFOThreshold=DMA_FIFO_THRESHOLD_FULL
PC2.GPIO_Label=LED2
ProjectManager.CustomerFirmwarePackage=
Dma.SPI1_TX.4.RequestParameters=Instance,Direction,PeriphInc,MemInc,PeriphDataAlignment,MemDataAlignment,Mode,Priority,FIFOMode
PB4.Signal=GPIO_Input
PA3.Signal=GPIO_Output
PA5.Mode=Full_Duplex_Master
PA2.Locked=true
PB7.GPIO_PuPd=GPIO_PULLUP
RCC.PLLSourceVirtual=RCC_PLLSOURCE_HSE
SH.COMP_DAC1_group.0=DAC_OUT1,DAC_OUT1
Dma.SDIO_TX.2.MemInc=DMA_MINC_ENABLE
ProjectManager.ProjectFileName=Project F405.ioc
PB8.GPIOParameters=GPIO_PuPd,GPIO_Label
Dma.DAC1.0.Instance=DMA1_Stream5
PA7.Mode=Full_Duplex_Master
Mcu.PinsNb=30
ProjectManager.NoMain=false
SPI1.IPParameters=VirtualType,Mode,Direction,CalculateBaudRate
PC11.Signal=SDIO_D3
PB6.GPIO_PuPd=GPIO_PULLUP
Dma.SPI1_TX.4.PeriphDataAlignment=DMA_PDATAALIGN_BYTE
PC8.Signal=SDIO_D0
PB8.GPIO_PuPd=GPIO_PULLUP
PC2.Signal=GPIO_Output
PC10.Mode=SD_4_bits_Wide_bus
VP_TIM6_VS_ClockSourceINT.Mode=Enable_Timer
ProjectManager.DefaultFWLocation=true
Dma.SDIO_TX.2.Instance=DMA2_Stream6
ProjectManager.DeletePrevious=true
RCC.APB1CLKDivider=RCC_HCLK_DIV4
Dma.SPI1_TX.4.Instance=DMA2_Stream5
RCC.FamilyName=M
Dma.SDIO_RX.1.PeriphInc=DMA_PINC_DISABLE
Dma.DAC1.0.MemDataAlignment=DMA_MDATAALIGN_HALFWORD
VP_TIM6_VS_ClockSourceINT.Signal=TIM6_VS_ClockSourceINT
PC3.GPIOParameters=GPIO_Speed,PinState,GPIO_Label
FATFS.IPParameters=_MAX_SS
PA13.Signal=SYS_JTMS-SWDIO
PB8.GPIO_Label=Button6
PC15-OSC32_OUT.Locked=true
TIM6.IPParameters=Period,TIM_MasterOutputTrigger
ProjectManager.TargetToolchain=MDK-ARM V5
NVIC.DMA1_Stream5_IRQn=true\:0\:0\:false\:false\:true\:false\:true
PB7.GPIOParameters=GPIO_PuPd,GPIO_Label
PB5.Locked=true
Dma.SDIO_TX.2.PeriphDataAlignment=DMA_PDATAALIGN_WORD
PB4.GPIO_PuPd=GPIO_PULLUP
PC2.Locked=true
ProjectManager.RegisterCallBack=
NVIC.DMA2_Stream3_IRQn=true\:0\:0\:false\:false\:true\:false\:true
NVIC.DMA2_Stream6_IRQn=true\:0\:0\:false\:false\:true\:false\:true
RCC.LSE_VALUE=32768
PC15-OSC32_OUT.Signal=GPIO_Input
PA1.Signal=GPIO_Output
Dma.SDIO_RX.1.MemDataAlignment=DMA_MDATAALIGN_WORD
Dma.SDIO_RX.1.FIFOThreshold=DMA_FIFO_THRESHOLD_FULL
Dma.SPI1_RX.3.MemInc=DMA_MINC_ENABLE
RCC.VCOI2SOutputFreq_Value=192000000
PD2.Mode=SD_4_bits_Wide_bus
PA5.Signal=SPI1_SCK
PC12.Mode=SD_4_bits_Wide_bus
board=custom
Dma.SDIO_RX.1.MemBurst=DMA_MBURST_INC4
RCC.VCOOutputFreq_Value=336000000
ProjectManager.LastFirmware=true
RCC.APB2Freq_Value=84000000
MxCube.Version=6.0.1
PB4.GPIO_Label=Button2
VP_TIM2_VS_ClockSourceINT.Mode=Internal
SPI1.Mode=SPI_MODE_MASTER
PC2.GPIOParameters=GPIO_Speed,PinState,GPIO_Label
NVIC.DMA2_Stream5_IRQn=true\:0\:0\:false\:false\:true\:false\:true
PC1.GPIO_Label=LED1
VP_SYS_VS_Systick.Mode=SysTick
RCC.EthernetFreq_Value=168000000
TIM6.TIM_MasterOutputTrigger=TIM_TRGO_UPDATE
PH1-OSC_OUT.Signal=RCC_OSC_OUT
PC1.GPIO_Speed=GPIO_SPEED_FREQ_HIGH
PC15-OSC32_OUT.GPIO_PuPd=GPIO_PULLUP
NVIC.NonMaskableInt_IRQn=true\:0\:0\:false\:false\:true\:false\:false
TIM2.Period=349999
PA13.Mode=Serial_Wire
ProjectManager.FreePins=false
RCC.IPParameters=48MHZClocksFreq_Value,AHBFreq_Value,APB1CLKDivider,APB1Freq_Value,APB1TimFreq_Value,APB2CLKDivider,APB2Freq_Value,APB2TimFreq_Value,CortexFreq_Value,EthernetFreq_Value,FCLKCortexFreq_Value,FamilyName,HCLKFreq_Value,HSE_VALUE,HSI_VALUE,I2SClocksFreq_Value,LSE_VALUE,LSI_VALUE,MCO2PinFreq_Value,PLLCLKFreq_Value,PLLM,PLLN,PLLQ,PLLQCLKFreq_Value,PLLSourceVirtual,RTCFreq_Value,RTCHSEDivFreq_Value,SYSCLKFreq_VALUE,SYSCLKSource,VCOI2SOutputFreq_Value,VCOInputFreq_Value,VCOOutputFreq_Value,VcooutputI2S
ProjectManager.AskForMigrate=true
Mcu.Name=STM32F405RGTx
Mcu.Pin26=VP_FATFS_VS_SDIO
Mcu.Pin27=VP_SYS_VS_Systick
RCC.RTCHSEDivFreq_Value=4000000
PA2.Signal=GPIO_Output
Mcu.Pin24=PB7
ProjectManager.UnderRoot=false
Mcu.Pin25=PB8
Dma.SDIO_TX.2.Priority=DMA_PRIORITY_LOW
FATFS._MAX_SS=4096
Mcu.IP8=TIM2
Mcu.IP9=TIM6
Mcu.Pin28=VP_TIM2_VS_ClockSourceINT
Mcu.IP6=SPI1
PC8.Mode=SD_4_bits_Wide_bus
Mcu.Pin29=VP_TIM6_VS_ClockSourceINT
Dma.SPI1_TX.4.PeriphInc=DMA_PINC_DISABLE
Mcu.IP7=SYS
ProjectManager.CoupleFile=false
PB4.Locked=true
RCC.48MHZClocksFreq_Value=48000000
Dma.SPI1_TX.4.Priority=DMA_PRIORITY_LOW
PA4.Signal=COMP_DAC1_group
RCC.SYSCLKFreq_VALUE=168000000
PB5.Signal=GPIO_Input
Mcu.Pin22=PB5
Mcu.Pin23=PB6
PA1.Locked=true
Mcu.Pin20=PD2
Mcu.Pin21=PB4
PA3.Locked=true
PC2.PinState=GPIO_PIN_SET
Dma.DAC1.0.MemInc=DMA_MINC_ENABLE
NVIC.ForceEnableDMAVector=true
KeepUserPlacement=false
Dma.SPI1_RX.3.PeriphDataAlignment=DMA_PDATAALIGN_BYTE
PB5.GPIO_PuPd=GPIO_PULLUP
NVIC.MemoryManagement_IRQn=true\:0\:0\:false\:false\:true\:false\:false
ProjectManager.CompilerOptimize=6
PA14.Signal=SYS_JTCK-SWCLK
Dma.SDIO_TX.2.MemBurst=DMA_MBURST_INC4
ProjectManager.HeapSize=0x200
Mcu.Pin15=PA13
NVIC.HardFault_IRQn=true\:0\:0\:false\:false\:true\:false\:false
Mcu.Pin16=PA14
Dma.SDIO_RX.1.MemInc=DMA_MINC_ENABLE
Dma.SDIO_TX.2.FIFOMode=DMA_FIFOMODE_ENABLE
Dma.SPI1_TX.4.Mode=DMA_NORMAL
Mcu.Pin13=PC8
Mcu.Pin14=PC9
Mcu.Pin19=PC12
ProjectManager.ComputerToolchain=false
Mcu.Pin17=PC10
RCC.HSI_VALUE=16000000
Mcu.Pin18=PC11
RCC.PLLQ=7
NVIC.PriorityGroup=NVIC_PRIORITYGROUP_4
Dma.SPI1_RX.3.FIFOMode=DMA_FIFOMODE_DISABLE
Mcu.Pin11=PA6
Mcu.Pin12=PA7
RCC.PLLM=8
RCC.PLLN=336
Mcu.Pin10=PA5
PB7.Locked=true
PB8.Signal=GPIO_Input
Dma.DAC1.0.RequestParameters=Instance,Direction,PeriphInc,MemInc,PeriphDataAlignment,MemDataAlignment,Mode,Priority,FIFOMode
TIM2.AutoReloadPreload=TIM_AUTORELOAD_PRELOAD_ENABLE
PC3.GPIO_Label=LED3
Dma.SDIO_TX.2.PeriphInc=DMA_PINC_DISABLE
PC9.Signal=SDIO_D1
PD2.Signal=SDIO_CMD
RCC.APB1Freq_Value=42000000
ProjectManager.DeviceId=STM32F405RGTx
PC1.Signal=GPIO_Output
ProjectManager.LibraryCopy=0
PA7.Signal=SPI1_MOSI
